
Microsoft Visual Studio Solution File, Format Version 12.00
# Visual Studio Version 16
VisualStudioVersion = 16.0.31729.503
MinimumVisualStudioVersion = 10.0.40219.1
Project("{FAE04EC0-301F-11D3-BF4B-00C04F79EFBC}") = "VaccinationDrive", "VaccinationDrive\VaccinationDrive.csproj", "{3EF655B0-650A-48EA-9F83-8777D33EB348}"
EndProject
Global
	GlobalSection(SolutionConfigurationPlatforms) = preSolution
		Debug|Any CPU = Debug|Any CPU
		Release|Any CPU = Release|Any CPU
	EndGlobalSection
	GlobalSection(ProjectConfigurationPlatforms) = postSolution
		{3EF655B0-650A-48EA-9F83-8777D33EB348}.Debug|Any CPU.ActiveCfg = Debug|Any CPU
		{3EF655B0-650A-48EA-9F83-8777D33EB348}.Debug|Any CPU.Build.0 = Debug|Any CPU
		{3EF655B0-650A-48EA-9F83-8777D33EB348}.Release|Any CPU.ActiveCfg = Release|Any CPU
		{3EF655B0-650A-48EA-9F83-8777D33EB348}.Release|Any CPU.Build.0 = Release|Any CPU
	EndGlobalSection
	GlobalSection(SolutionProperties) = preSolution
		HideSolutionNode = FALSE
	EndGlobalSection
	GlobalSection(ExtensibilityGlobals) = postSolution
		SolutionGuid = {AB101E49-6709-46DD-A399-C0591BD4F5BD}
	EndGlobalSection
EndGlobal
